
Microsoft Visual Studio Solution File, Format Version 12.00
# Visual Studio 15
VisualStudioVersion = 15.0.26124.0
MinimumVisualStudioVersion = 15.0.26124.0
Project("{FAE04EC0-301F-11D3-BF4B-00C04F79EFBC}") = "ShapeWorld.Client", "ShapeWorld.Client\ShapeWorld.Client.csproj", "{64D60AB5-43F0-4C3D-9008-A6F7BC2F1DBF}"
EndProject
Project("{FAE04EC0-301F-11D3-BF4B-00C04F79EFBC}") = "ShapeWorld.Domain", "ShapeWorld.Domain\ShapeWorld.Domain.csproj", "{1CD39FA0-4CEE-4E31-B88D-A608171F58D2}"
EndProject
Global
	GlobalSection(SolutionConfigurationPlatforms) = preSolution
		Debug|Any CPU = Debug|Any CPU
		Debug|x64 = Debug|x64
		Debug|x86 = Debug|x86
		Release|Any CPU = Release|Any CPU
		Release|x64 = Release|x64
		Release|x86 = Release|x86
	EndGlobalSection
	GlobalSection(SolutionProperties) = preSolution
		HideSolutionNode = FALSE
	EndGlobalSection
	GlobalSection(ProjectConfigurationPlatforms) = postSolution
		{64D60AB5-43F0-4C3D-9008-A6F7BC2F1DBF}.Debug|Any CPU.ActiveCfg = Debug|Any CPU
		{64D60AB5-43F0-4C3D-9008-A6F7BC2F1DBF}.Debug|Any CPU.Build.0 = Debug|Any CPU
		{64D60AB5-43F0-4C3D-9008-A6F7BC2F1DBF}.Debug|x64.ActiveCfg = Debug|Any CPU
		{64D60AB5-43F0-4C3D-9008-A6F7BC2F1DBF}.Debug|x64.Build.0 = Debug|Any CPU
		{64D60AB5-43F0-4C3D-9008-A6F7BC2F1DBF}.Debug|x86.ActiveCfg = Debug|Any CPU
		{64D60AB5-43F0-4C3D-9008-A6F7BC2F1DBF}.Debug|x86.Build.0 = Debug|Any CPU
		{64D60AB5-43F0-4C3D-9008-A6F7BC2F1DBF}.Release|Any CPU.ActiveCfg = Release|Any CPU
		{64D60AB5-43F0-4C3D-9008-A6F7BC2F1DBF}.Release|Any CPU.Build.0 = Release|Any CPU
		{64D60AB5-43F0-4C3D-9008-A6F7BC2F1DBF}.Release|x64.ActiveCfg = Release|Any CPU
		{64D60AB5-43F0-4C3D-9008-A6F7BC2F1DBF}.Release|x64.Build.0 = Release|Any CPU
		{64D60AB5-43F0-4C3D-9008-A6F7BC2F1DBF}.Release|x86.ActiveCfg = Release|Any CPU
		{64D60AB5-43F0-4C3D-9008-A6F7BC2F1DBF}.Release|x86.Build.0 = Release|Any CPU
		{1CD39FA0-4CEE-4E31-B88D-A608171F58D2}.Debug|Any CPU.ActiveCfg = Debug|Any CPU
		{1CD39FA0-4CEE-4E31-B88D-A608171F58D2}.Debug|Any CPU.Build.0 = Debug|Any CPU
		{1CD39FA0-4CEE-4E31-B88D-A608171F58D2}.Debug|x64.ActiveCfg = Debug|Any CPU
		{1CD39FA0-4CEE-4E31-B88D-A608171F58D2}.Debug|x64.Build.0 = Debug|Any CPU
		{1CD39FA0-4CEE-4E31-B88D-A608171F58D2}.Debug|x86.ActiveCfg = Debug|Any CPU
		{1CD39FA0-4CEE-4E31-B88D-A608171F58D2}.Debug|x86.Build.0 = Debug|Any CPU
		{1CD39FA0-4CEE-4E31-B88D-A608171F58D2}.Release|Any CPU.ActiveCfg = Release|Any CPU
		{1CD39FA0-4CEE-4E31-B88D-A608171F58D2}.Release|Any CPU.Build.0 = Release|Any CPU
		{1CD39FA0-4CEE-4E31-B88D-A608171F58D2}.Release|x64.ActiveCfg = Release|Any CPU
		{1CD39FA0-4CEE-4E31-B88D-A608171F58D2}.Release|x64.Build.0 = Release|Any CPU
		{1CD39FA0-4CEE-4E31-B88D-A608171F58D2}.Release|x86.ActiveCfg = Release|Any CPU
		{1CD39FA0-4CEE-4E31-B88D-A608171F58D2}.Release|x86.Build.0 = Release|Any CPU
	EndGlobalSection
EndGlobal
